
Microsoft Visual Studio Solution File, Format Version 12.00
# Visual Studio Version 16
VisualStudioVersion = 16.0.30011.22
MinimumVisualStudioVersion = 10.0.40219.1
Project("{FAE04EC0-301F-11D3-BF4B-00C04F79EFBC}") = "tpmsTester_RL", "tpmsTester_RL\tpmsTester_RL.csproj", "{D57572D4-108C-4293-8DB6-14251CC4BEE1}"
EndProject
Global
	GlobalSection(SolutionConfigurationPlatforms) = preSolution
		Debug|Any CPU = Debug|Any CPU
		Release|Any CPU = Release|Any CPU
	EndGlobalSection
	GlobalSection(ProjectConfigurationPlatforms) = postSolution
		{D57572D4-108C-4293-8DB6-14251CC4BEE1}.Debug|Any CPU.ActiveCfg = Debug|Any CPU
		{D57572D4-108C-4293-8DB6-14251CC4BEE1}.Debug|Any CPU.Build.0 = Debug|Any CPU
		{D57572D4-108C-4293-8DB6-14251CC4BEE1}.Release|Any CPU.ActiveCfg = Release|Any CPU
		{D57572D4-108C-4293-8DB6-14251CC4BEE1}.Release|Any CPU.Build.0 = Release|Any CPU
	EndGlobalSection
	GlobalSection(SolutionProperties) = preSolution
		HideSolutionNode = FALSE
	EndGlobalSection
	GlobalSection(ExtensibilityGlobals) = postSolution
		SolutionGuid = {237EE9BC-5863-45E8-9959-9E82ED53DDFE}
	EndGlobalSection
EndGlobal
